
Microsoft Visual Studio Solution File, Format Version 12.00
# Visual Studio Version 17
VisualStudioVersion = 17.8.34525.116
MinimumVisualStudioVersion = 10.0.40219.1
Project("{FAE04EC0-301F-11D3-BF4B-00C04F79EFBC}") = "4-Doviz_ofisi", "4-Doviz_ofisi\4-Doviz_ofisi.csproj", "{B3A8A0B0-500A-4353-9783-F654596ED301}"
EndProject
Global
	GlobalSection(SolutionConfigurationPlatforms) = preSolution
		Debug|Any CPU = Debug|Any CPU
		Release|Any CPU = Release|Any CPU
	EndGlobalSection
	GlobalSection(ProjectConfigurationPlatforms) = postSolution
		{B3A8A0B0-500A-4353-9783-F654596ED301}.Debug|Any CPU.ActiveCfg = Debug|Any CPU
		{B3A8A0B0-500A-4353-9783-F654596ED301}.Debug|Any CPU.Build.0 = Debug|Any CPU
		{B3A8A0B0-500A-4353-9783-F654596ED301}.Release|Any CPU.ActiveCfg = Release|Any CPU
		{B3A8A0B0-500A-4353-9783-F654596ED301}.Release|Any CPU.Build.0 = Release|Any CPU
	EndGlobalSection
	GlobalSection(SolutionProperties) = preSolution
		HideSolutionNode = FALSE
	EndGlobalSection
	GlobalSection(ExtensibilityGlobals) = postSolution
		SolutionGuid = {E201F080-3F0A-4C0C-AB6D-0BF040EB237C}
	EndGlobalSection
EndGlobal
